
Microsoft Visual Studio Solution File, Format Version 12.00
# Visual Studio Version 17
VisualStudioVersion = 17.10.35004.147
MinimumVisualStudioVersion = 10.0.40219.1
Project("{9A19103F-16F7-4668-BE54-9A1E7A4F7556}") = "StaffEvaluation", "StaffEvaluation\StaffEvaluation.csproj", "{3CB05E23-D43D-4185-B82B-AB990272716B}"
EndProject
Project("{FAE04EC0-301F-11D3-BF4B-00C04F79EFBC}") = "UsbTokenSign", "UsbTokenSign\UsbTokenSign.csproj", "{203878CB-7AB6-4DCD-8812-01DE2AEFF569}"
EndProject
Global
	GlobalSection(SolutionConfigurationPlatforms) = preSolution
		Debug|Any CPU = Debug|Any CPU
		Release|Any CPU = Release|Any CPU
	EndGlobalSection
	GlobalSection(ProjectConfigurationPlatforms) = postSolution
		{3CB05E23-D43D-4185-B82B-AB990272716B}.Debug|Any CPU.ActiveCfg = Debug|Any CPU
		{3CB05E23-D43D-4185-B82B-AB990272716B}.Debug|Any CPU.Build.0 = Debug|Any CPU
		{3CB05E23-D43D-4185-B82B-AB990272716B}.Release|Any CPU.ActiveCfg = Release|Any CPU
		{3CB05E23-D43D-4185-B82B-AB990272716B}.Release|Any CPU.Build.0 = Release|Any CPU
		{203878CB-7AB6-4DCD-8812-01DE2AEFF569}.Debug|Any CPU.ActiveCfg = Debug|Any CPU
		{203878CB-7AB6-4DCD-8812-01DE2AEFF569}.Debug|Any CPU.Build.0 = Debug|Any CPU
		{203878CB-7AB6-4DCD-8812-01DE2AEFF569}.Release|Any CPU.ActiveCfg = Release|Any CPU
		{203878CB-7AB6-4DCD-8812-01DE2AEFF569}.Release|Any CPU.Build.0 = Release|Any CPU
	EndGlobalSection
	GlobalSection(SolutionProperties) = preSolution
		HideSolutionNode = FALSE
	EndGlobalSection
	GlobalSection(ExtensibilityGlobals) = postSolution
		SolutionGuid = {9248706E-D630-4E5F-91ED-295D9FCEEF98}
	EndGlobalSection
EndGlobal
